
Microsoft Visual Studio Solution File, Format Version 12.00
# Visual Studio Version 17
VisualStudioVersion = 17.8.34525.116
MinimumVisualStudioVersion = 10.0.40219.1
Project("{FAE04EC0-301F-11D3-BF4B-00C04F79EFBC}") = "todolist.Android", "todolist\todolist.Android\todolist.Android.csproj", "{CB62FE83-2BF8-4E8C-B844-6CC4793F799B}"
EndProject
Project("{FAE04EC0-301F-11D3-BF4B-00C04F79EFBC}") = "todolist.iOS", "todolist\todolist.iOS\todolist.iOS.csproj", "{43605433-7A75-4994-A9EE-727C6E5D60A9}"
EndProject
Project("{FAE04EC0-301F-11D3-BF4B-00C04F79EFBC}") = "todolist", "todolist\todolist\todolist.csproj", "{0E4FDF66-8991-4E30-A940-ED4E6EC2AEEB}"
EndProject
Global
	GlobalSection(SolutionConfigurationPlatforms) = preSolution
		Debug|Any CPU = Debug|Any CPU
		Debug|iPhone = Debug|iPhone
		Debug|iPhoneSimulator = Debug|iPhoneSimulator
		Release|Any CPU = Release|Any CPU
		Release|iPhone = Release|iPhone
		Release|iPhoneSimulator = Release|iPhoneSimulator
	EndGlobalSection
	GlobalSection(ProjectConfigurationPlatforms) = postSolution
		{CB62FE83-2BF8-4E8C-B844-6CC4793F799B}.Debug|Any CPU.ActiveCfg = Debug|Any CPU
		{CB62FE83-2BF8-4E8C-B844-6CC4793F799B}.Debug|Any CPU.Build.0 = Debug|Any CPU
		{CB62FE83-2BF8-4E8C-B844-6CC4793F799B}.Debug|Any CPU.Deploy.0 = Debug|Any CPU
		{CB62FE83-2BF8-4E8C-B844-6CC4793F799B}.Debug|iPhone.ActiveCfg = Debug|Any CPU
		{CB62FE83-2BF8-4E8C-B844-6CC4793F799B}.Debug|iPhone.Build.0 = Debug|Any CPU
		{CB62FE83-2BF8-4E8C-B844-6CC4793F799B}.Debug|iPhone.Deploy.0 = Debug|Any CPU
		{CB62FE83-2BF8-4E8C-B844-6CC4793F799B}.Debug|iPhoneSimulator.ActiveCfg = Debug|Any CPU
		{CB62FE83-2BF8-4E8C-B844-6CC4793F799B}.Debug|iPhoneSimulator.Build.0 = Debug|Any CPU
		{CB62FE83-2BF8-4E8C-B844-6CC4793F799B}.Debug|iPhoneSimulator.Deploy.0 = Debug|Any CPU
		{CB62FE83-2BF8-4E8C-B844-6CC4793F799B}.Release|Any CPU.ActiveCfg = Release|Any CPU
		{CB62FE83-2BF8-4E8C-B844-6CC4793F799B}.Release|Any CPU.Build.0 = Release|Any CPU
		{CB62FE83-2BF8-4E8C-B844-6CC4793F799B}.Release|Any CPU.Deploy.0 = Release|Any CPU
		{CB62FE83-2BF8-4E8C-B844-6CC4793F799B}.Release|iPhone.ActiveCfg = Release|Any CPU
		{CB62FE83-2BF8-4E8C-B844-6CC4793F799B}.Release|iPhone.Build.0 = Release|Any CPU
		{CB62FE83-2BF8-4E8C-B844-6CC4793F799B}.Release|iPhone.Deploy.0 = Release|Any CPU
		{CB62FE83-2BF8-4E8C-B844-6CC4793F799B}.Release|iPhoneSimulator.ActiveCfg = Release|Any CPU
		{CB62FE83-2BF8-4E8C-B844-6CC4793F799B}.Release|iPhoneSimulator.Build.0 = Release|Any CPU
		{CB62FE83-2BF8-4E8C-B844-6CC4793F799B}.Release|iPhoneSimulator.Deploy.0 = Release|Any CPU
		{43605433-7A75-4994-A9EE-727C6E5D60A9}.Debug|Any CPU.ActiveCfg = Debug|iPhone
		{43605433-7A75-4994-A9EE-727C6E5D60A9}.Debug|Any CPU.Build.0 = Debug|iPhone
		{43605433-7A75-4994-A9EE-727C6E5D60A9}.Debug|Any CPU.Deploy.0 = Debug|iPhone
		{43605433-7A75-4994-A9EE-727C6E5D60A9}.Debug|iPhone.ActiveCfg = Debug|iPhone
		{43605433-7A75-4994-A9EE-727C6E5D60A9}.Debug|iPhone.Build.0 = Debug|iPhone
		{43605433-7A75-4994-A9EE-727C6E5D60A9}.Debug|iPhone.Deploy.0 = Debug|iPhone
		{43605433-7A75-4994-A9EE-727C6E5D60A9}.Debug|iPhoneSimulator.ActiveCfg = Debug|iPhoneSimulator
		{43605433-7A75-4994-A9EE-727C6E5D60A9}.Debug|iPhoneSimulator.Build.0 = Debug|iPhoneSimulator
		{43605433-7A75-4994-A9EE-727C6E5D60A9}.Debug|iPhoneSimulator.Deploy.0 = Debug|iPhoneSimulator
		{43605433-7A75-4994-A9EE-727C6E5D60A9}.Release|Any CPU.ActiveCfg = Release|iPhoneSimulator
		{43605433-7A75-4994-A9EE-727C6E5D60A9}.Release|Any CPU.Build.0 = Release|iPhoneSimulator
		{43605433-7A75-4994-A9EE-727C6E5D60A9}.Release|Any CPU.Deploy.0 = Release|iPhoneSimulator
		{43605433-7A75-4994-A9EE-727C6E5D60A9}.Release|iPhone.ActiveCfg = Release|iPhone
		{43605433-7A75-4994-A9EE-727C6E5D60A9}.Release|iPhone.Build.0 = Release|iPhone
		{43605433-7A75-4994-A9EE-727C6E5D60A9}.Release|iPhone.Deploy.0 = Release|iPhone
		{43605433-7A75-4994-A9EE-727C6E5D60A9}.Release|iPhoneSimulator.ActiveCfg = Release|iPhoneSimulator
		{43605433-7A75-4994-A9EE-727C6E5D60A9}.Release|iPhoneSimulator.Build.0 = Release|iPhoneSimulator
		{43605433-7A75-4994-A9EE-727C6E5D60A9}.Release|iPhoneSimulator.Deploy.0 = Release|iPhoneSimulator
		{0E4FDF66-8991-4E30-A940-ED4E6EC2AEEB}.Debug|Any CPU.ActiveCfg = Debug|Any CPU
		{0E4FDF66-8991-4E30-A940-ED4E6EC2AEEB}.Debug|Any CPU.Build.0 = Debug|Any CPU
		{0E4FDF66-8991-4E30-A940-ED4E6EC2AEEB}.Debug|Any CPU.Deploy.0 = Debug|Any CPU
		{0E4FDF66-8991-4E30-A940-ED4E6EC2AEEB}.Debug|iPhone.ActiveCfg = Debug|Any CPU
		{0E4FDF66-8991-4E30-A940-ED4E6EC2AEEB}.Debug|iPhone.Build.0 = Debug|Any CPU
		{0E4FDF66-8991-4E30-A940-ED4E6EC2AEEB}.Debug|iPhone.Deploy.0 = Debug|Any CPU
		{0E4FDF66-8991-4E30-A940-ED4E6EC2AEEB}.Debug|iPhoneSimulator.ActiveCfg = Debug|Any CPU
		{0E4FDF66-8991-4E30-A940-ED4E6EC2AEEB}.Debug|iPhoneSimulator.Build.0 = Debug|Any CPU
		{0E4FDF66-8991-4E30-A940-ED4E6EC2AEEB}.Debug|iPhoneSimulator.Deploy.0 = Debug|Any CPU
		{0E4FDF66-8991-4E30-A940-ED4E6EC2AEEB}.Release|Any CPU.ActiveCfg = Release|Any CPU
		{0E4FDF66-8991-4E30-A940-ED4E6EC2AEEB}.Release|Any CPU.Build.0 = Release|Any CPU
		{0E4FDF66-8991-4E30-A940-ED4E6EC2AEEB}.Release|Any CPU.Deploy.0 = Release|Any CPU
		{0E4FDF66-8991-4E30-A940-ED4E6EC2AEEB}.Release|iPhone.ActiveCfg = Release|Any CPU
		{0E4FDF66-8991-4E30-A940-ED4E6EC2AEEB}.Release|iPhone.Build.0 = Release|Any CPU
		{0E4FDF66-8991-4E30-A940-ED4E6EC2AEEB}.Release|iPhone.Deploy.0 = Release|Any CPU
		{0E4FDF66-8991-4E30-A940-ED4E6EC2AEEB}.Release|iPhoneSimulator.ActiveCfg = Release|Any CPU
		{0E4FDF66-8991-4E30-A940-ED4E6EC2AEEB}.Release|iPhoneSimulator.Build.0 = Release|Any CPU
		{0E4FDF66-8991-4E30-A940-ED4E6EC2AEEB}.Release|iPhoneSimulator.Deploy.0 = Release|Any CPU
	EndGlobalSection
	GlobalSection(SolutionProperties) = preSolution
		HideSolutionNode = FALSE
	EndGlobalSection
	GlobalSection(ExtensibilityGlobals) = postSolution
		SolutionGuid = {CC933F51-32A3-45ED-8367-4541296E0FB8}
	EndGlobalSection
EndGlobal
